
Microsoft Visual Studio Solution File, Format Version 12.00
# Visual Studio Version 17
VisualStudioVersion = 17.3.32825.248
MinimumVisualStudioVersion = 10.0.40219.1
Project("{FAE04EC0-301F-11D3-BF4B-00C04F79EFBC}") = "MemmografiaMVC", "MemmografiaMVC\MemmografiaMVC.csproj", "{CAAFB05A-D87D-446F-9665-372B36A27C6E}"
EndProject
Global
	GlobalSection(SolutionConfigurationPlatforms) = preSolution
		Debug|Any CPU = Debug|Any CPU
		Release|Any CPU = Release|Any CPU
	EndGlobalSection
	GlobalSection(ProjectConfigurationPlatforms) = postSolution
		{CAAFB05A-D87D-446F-9665-372B36A27C6E}.Debug|Any CPU.ActiveCfg = Debug|Any CPU
		{CAAFB05A-D87D-446F-9665-372B36A27C6E}.Debug|Any CPU.Build.0 = Debug|Any CPU
		{CAAFB05A-D87D-446F-9665-372B36A27C6E}.Release|Any CPU.ActiveCfg = Release|Any CPU
		{CAAFB05A-D87D-446F-9665-372B36A27C6E}.Release|Any CPU.Build.0 = Release|Any CPU
	EndGlobalSection
	GlobalSection(SolutionProperties) = preSolution
		HideSolutionNode = FALSE
	EndGlobalSection
	GlobalSection(ExtensibilityGlobals) = postSolution
		SolutionGuid = {E67DEA37-C87D-4BED-AFB3-2688029D1414}
	EndGlobalSection
EndGlobal
